
Microsoft Visual Studio Solution File, Format Version 12.00
# Visual Studio Version 16
VisualStudioVersion = 16.0.32228.343
MinimumVisualStudioVersion = 10.0.40219.1
Project("{FAE04EC0-301F-11D3-BF4B-00C04F79EFBC}") = "SigecomTesteUI", "SigecomTesteUI\SigecomTesteUI.csproj", "{1553A2C4-9575-47B5-8CD1-567E8200D49E}"
EndProject
Global
	GlobalSection(SolutionConfigurationPlatforms) = preSolution
		Debug|Any CPU = Debug|Any CPU
		Release|Any CPU = Release|Any CPU
	EndGlobalSection
	GlobalSection(ProjectConfigurationPlatforms) = postSolution
		{1553A2C4-9575-47B5-8CD1-567E8200D49E}.Debug|Any CPU.ActiveCfg = Debug|Any CPU
		{1553A2C4-9575-47B5-8CD1-567E8200D49E}.Debug|Any CPU.Build.0 = Debug|Any CPU
		{1553A2C4-9575-47B5-8CD1-567E8200D49E}.Release|Any CPU.ActiveCfg = Release|Any CPU
		{1553A2C4-9575-47B5-8CD1-567E8200D49E}.Release|Any CPU.Build.0 = Release|Any CPU
	EndGlobalSection
	GlobalSection(SolutionProperties) = preSolution
		HideSolutionNode = FALSE
	EndGlobalSection
	GlobalSection(ExtensibilityGlobals) = postSolution
		SolutionGuid = {BCD79CD0-B373-4B3E-B4DB-31673915A889}
	EndGlobalSection
EndGlobal
