
Microsoft Visual Studio Solution File, Format Version 12.00
# Visual Studio Version 16
VisualStudioVersion = 16.0.32228.343
MinimumVisualStudioVersion = 10.0.40219.1
Project("{9A19103F-16F7-4668-BE54-9A1E7A4F7556}") = "SigecomTestesUI", "SigecomTestesUI\SigecomTestesUI.csproj", "{8733E327-35F0-453A-A22C-6A278584AF66}"
EndProject
Global
	GlobalSection(SolutionConfigurationPlatforms) = preSolution
		Debug|Any CPU = Debug|Any CPU
		Release|Any CPU = Release|Any CPU
	EndGlobalSection
	GlobalSection(ProjectConfigurationPlatforms) = postSolution
		{8733E327-35F0-453A-A22C-6A278584AF66}.Debug|Any CPU.ActiveCfg = Debug|Any CPU
		{8733E327-35F0-453A-A22C-6A278584AF66}.Debug|Any CPU.Build.0 = Debug|Any CPU
		{8733E327-35F0-453A-A22C-6A278584AF66}.Release|Any CPU.ActiveCfg = Release|Any CPU
		{8733E327-35F0-453A-A22C-6A278584AF66}.Release|Any CPU.Build.0 = Release|Any CPU
	EndGlobalSection
	GlobalSection(SolutionProperties) = preSolution
		HideSolutionNode = FALSE
	EndGlobalSection
	GlobalSection(ExtensibilityGlobals) = postSolution
		SolutionGuid = {BCD79CD0-B373-4B3E-B4DB-31673915A889}
	EndGlobalSection
EndGlobal
